
Microsoft Visual Studio Solution File, Format Version 12.00
# Visual Studio Version 17
VisualStudioVersion = 17.10.34928.147
MinimumVisualStudioVersion = 10.0.40219.1
Project("{9A19103F-16F7-4668-BE54-9A1E7A4F7556}") = "ManageCategoriesApp", "WpfApp1\ManageCategoriesApp.csproj", "{1254E18A-76C9-4607-BE16-95A034D08629}"
EndProject
Global
	GlobalSection(SolutionConfigurationPlatforms) = preSolution
		Debug|Any CPU = Debug|Any CPU
		Release|Any CPU = Release|Any CPU
	EndGlobalSection
	GlobalSection(ProjectConfigurationPlatforms) = postSolution
		{1254E18A-76C9-4607-BE16-95A034D08629}.Debug|Any CPU.ActiveCfg = Debug|Any CPU
		{1254E18A-76C9-4607-BE16-95A034D08629}.Debug|Any CPU.Build.0 = Debug|Any CPU
		{1254E18A-76C9-4607-BE16-95A034D08629}.Release|Any CPU.ActiveCfg = Release|Any CPU
		{1254E18A-76C9-4607-BE16-95A034D08629}.Release|Any CPU.Build.0 = Release|Any CPU
	EndGlobalSection
	GlobalSection(SolutionProperties) = preSolution
		HideSolutionNode = FALSE
	EndGlobalSection
	GlobalSection(ExtensibilityGlobals) = postSolution
		SolutionGuid = {DE382307-0028-45E8-8222-1916097A4749}
	EndGlobalSection
EndGlobal
